
Microsoft Visual Studio Solution File, Format Version 12.00
# Visual Studio Version 17
VisualStudioVersion = 17.10.35013.160
MinimumVisualStudioVersion = 10.0.40219.1
Project("{FAE04EC0-301F-11D3-BF4B-00C04F79EFBC}") = "CarInspectionAPI", "CarInspectionAPI.csproj", "{B748E5A9-DD15-4711-B17F-F124E2FF4AEA}"
EndProject
Global
	GlobalSection(SolutionConfigurationPlatforms) = preSolution
		Debug|Any CPU = Debug|Any CPU
		Release|Any CPU = Release|Any CPU
	EndGlobalSection
	GlobalSection(ProjectConfigurationPlatforms) = postSolution
		{B748E5A9-DD15-4711-B17F-F124E2FF4AEA}.Debug|Any CPU.ActiveCfg = Debug|Any CPU
		{B748E5A9-DD15-4711-B17F-F124E2FF4AEA}.Debug|Any CPU.Build.0 = Debug|Any CPU
		{B748E5A9-DD15-4711-B17F-F124E2FF4AEA}.Release|Any CPU.ActiveCfg = Release|Any CPU
		{B748E5A9-DD15-4711-B17F-F124E2FF4AEA}.Release|Any CPU.Build.0 = Release|Any CPU
	EndGlobalSection
	GlobalSection(SolutionProperties) = preSolution
		HideSolutionNode = FALSE
	EndGlobalSection
	GlobalSection(ExtensibilityGlobals) = postSolution
		SolutionGuid = {F5B4D778-7A72-4F4D-BAC0-2ED87E2957C7}
	EndGlobalSection
EndGlobal
